
Microsoft Visual Studio Solution File, Format Version 12.00
# Visual Studio Version 16
VisualStudioVersion = 16.0.31910.168
MinimumVisualStudioVersion = 10.0.40219.1
Project("{FAE04EC0-301F-11D3-BF4B-00C04F79EFBC}") = "NPKalc_v3", "NPKalc_v3\NPKalc_v3.csproj", "{EB0DFCF9-7310-42C6-A247-AC928A51A54D}"
EndProject
Global
	GlobalSection(SolutionConfigurationPlatforms) = preSolution
		Debug|Any CPU = Debug|Any CPU
		Release|Any CPU = Release|Any CPU
	EndGlobalSection
	GlobalSection(ProjectConfigurationPlatforms) = postSolution
		{EB0DFCF9-7310-42C6-A247-AC928A51A54D}.Debug|Any CPU.ActiveCfg = Debug|Any CPU
		{EB0DFCF9-7310-42C6-A247-AC928A51A54D}.Debug|Any CPU.Build.0 = Debug|Any CPU
		{EB0DFCF9-7310-42C6-A247-AC928A51A54D}.Release|Any CPU.ActiveCfg = Release|Any CPU
		{EB0DFCF9-7310-42C6-A247-AC928A51A54D}.Release|Any CPU.Build.0 = Release|Any CPU
	EndGlobalSection
	GlobalSection(SolutionProperties) = preSolution
		HideSolutionNode = FALSE
	EndGlobalSection
	GlobalSection(ExtensibilityGlobals) = postSolution
		SolutionGuid = {04D618D1-593D-4E7A-A1DD-34068E6145C0}
	EndGlobalSection
EndGlobal
